
Microsoft Visual Studio Solution File, Format Version 12.00
# Visual Studio Version 17
VisualStudioVersion = 17.13.35931.197 d17.13
MinimumVisualStudioVersion = 10.0.40219.1
Project("{FAE04EC0-301F-11D3-BF4B-00C04F79EFBC}") = "Models", "Models\Models.csproj", "{59B0EE6D-DA9F-4FD1-A4BE-29E3C6E2FC3C}"
EndProject
Project("{FAE04EC0-301F-11D3-BF4B-00C04F79EFBC}") = "Data", "Data\Data.csproj", "{8F81C5C7-CF08-4E12-9EA7-AACAD5B8A02B}"
EndProject
Project("{FAE04EC0-301F-11D3-BF4B-00C04F79EFBC}") = "Business", "Business\Business.csproj", "{E120D674-16EC-41A6-A9FE-A7F3BA1F7397}"
EndProject
Project("{FAE04EC0-301F-11D3-BF4B-00C04F79EFBC}") = "WCFService", "WCFService\WCFService.csproj", "{4A3043D9-FC6B-4662-9C46-C3670B7591E2}"
EndProject
Global
	GlobalSection(SolutionConfigurationPlatforms) = preSolution
		Debug|Any CPU = Debug|Any CPU
		Release|Any CPU = Release|Any CPU
	EndGlobalSection
	GlobalSection(ProjectConfigurationPlatforms) = postSolution
		{59B0EE6D-DA9F-4FD1-A4BE-29E3C6E2FC3C}.Debug|Any CPU.ActiveCfg = Debug|Any CPU
		{59B0EE6D-DA9F-4FD1-A4BE-29E3C6E2FC3C}.Debug|Any CPU.Build.0 = Debug|Any CPU
		{59B0EE6D-DA9F-4FD1-A4BE-29E3C6E2FC3C}.Release|Any CPU.ActiveCfg = Release|Any CPU
		{59B0EE6D-DA9F-4FD1-A4BE-29E3C6E2FC3C}.Release|Any CPU.Build.0 = Release|Any CPU
		{8F81C5C7-CF08-4E12-9EA7-AACAD5B8A02B}.Debug|Any CPU.ActiveCfg = Debug|Any CPU
		{8F81C5C7-CF08-4E12-9EA7-AACAD5B8A02B}.Debug|Any CPU.Build.0 = Debug|Any CPU
		{8F81C5C7-CF08-4E12-9EA7-AACAD5B8A02B}.Release|Any CPU.ActiveCfg = Release|Any CPU
		{8F81C5C7-CF08-4E12-9EA7-AACAD5B8A02B}.Release|Any CPU.Build.0 = Release|Any CPU
		{E120D674-16EC-41A6-A9FE-A7F3BA1F7397}.Debug|Any CPU.ActiveCfg = Debug|Any CPU
		{E120D674-16EC-41A6-A9FE-A7F3BA1F7397}.Debug|Any CPU.Build.0 = Debug|Any CPU
		{E120D674-16EC-41A6-A9FE-A7F3BA1F7397}.Release|Any CPU.ActiveCfg = Release|Any CPU
		{E120D674-16EC-41A6-A9FE-A7F3BA1F7397}.Release|Any CPU.Build.0 = Release|Any CPU
		{4A3043D9-FC6B-4662-9C46-C3670B7591E2}.Debug|Any CPU.ActiveCfg = Debug|Any CPU
		{4A3043D9-FC6B-4662-9C46-C3670B7591E2}.Debug|Any CPU.Build.0 = Debug|Any CPU
		{4A3043D9-FC6B-4662-9C46-C3670B7591E2}.Release|Any CPU.ActiveCfg = Release|Any CPU
		{4A3043D9-FC6B-4662-9C46-C3670B7591E2}.Release|Any CPU.Build.0 = Release|Any CPU
	EndGlobalSection
	GlobalSection(SolutionProperties) = preSolution
		HideSolutionNode = FALSE
	EndGlobalSection
	GlobalSection(ExtensibilityGlobals) = postSolution
		SolutionGuid = {326F35FE-890E-40AE-823B-6148E3821EDC}
	EndGlobalSection
EndGlobal
